
Microsoft Visual Studio Solution File, Format Version 12.00
Project("{FAE04EC0-301F-11D3-BF4B-00C04F79EFBC}") = "UserApi.Service", "UserApi.Service\UserApi.Service.csproj", "{B5999E74-72ED-4350-ABA8-AC0234153C5E}"
EndProject
Project("{2150E333-8FDC-42A3-9474-1A3956D46DE8}") = "API", "API", "{E4983111-68EA-486F-B220-C083C29962DB}"
EndProject
Project("{2150E333-8FDC-42A3-9474-1A3956D46DE8}") = "DDD", "DDD", "{C4A92F24-212F-4621-887C-BF379AEB6F70}"
EndProject
Project("{2150E333-8FDC-42A3-9474-1A3956D46DE8}") = "Tests", "Tests", "{EF44C55A-B33B-46F5-9A6B-AF1C48254659}"
EndProject
Project("{2150E333-8FDC-42A3-9474-1A3956D46DE8}") = "Application", "Application", "{64EEA546-0CC9-422A-9FE2-6820938F3B7A}"
EndProject
Project("{2150E333-8FDC-42A3-9474-1A3956D46DE8}") = "Domain", "Domain", "{7E36A6CF-C378-4A7A-A6C6-3C290C611C56}"
EndProject
Project("{2150E333-8FDC-42A3-9474-1A3956D46DE8}") = "InfraStructure", "InfraStructure", "{E1823DAF-09C6-4938-8D02-85A68A393D3C}"
EndProject
Project("{FAE04EC0-301F-11D3-BF4B-00C04F79EFBC}") = "UsersAPI.Application", "UsersAPI.Application\UsersAPI.Application.csproj", "{772E90BC-C6CB-4BD1-9718-BC5EDFC270CF}"
EndProject
Project("{FAE04EC0-301F-11D3-BF4B-00C04F79EFBC}") = "UserApi.Domain", "UserApi.Domain\UserApi.Domain.csproj", "{92F23F9A-05D9-4645-A008-809B177CDC6B}"
EndProject
Project("{FAE04EC0-301F-11D3-BF4B-00C04F79EFBC}") = "UsersApi.Infra.Data", "UsersApi.Infra.Data\UsersApi.Infra.Data.csproj", "{6D990A87-BB7A-488F-B944-71CFC748BE98}"
EndProject
Project("{FAE04EC0-301F-11D3-BF4B-00C04F79EFBC}") = "UsersApi.Tests", "UsersApi.Tests\UsersApi.Tests.csproj", "{95FB5EBC-0651-40E8-9588-B0D756AA5310}"
EndProject
Global
	GlobalSection(SolutionConfigurationPlatforms) = preSolution
		Debug|Any CPU = Debug|Any CPU
		Release|Any CPU = Release|Any CPU
	EndGlobalSection
	GlobalSection(ProjectConfigurationPlatforms) = postSolution
		{B5999E74-72ED-4350-ABA8-AC0234153C5E}.Debug|Any CPU.ActiveCfg = Debug|Any CPU
		{B5999E74-72ED-4350-ABA8-AC0234153C5E}.Debug|Any CPU.Build.0 = Debug|Any CPU
		{B5999E74-72ED-4350-ABA8-AC0234153C5E}.Release|Any CPU.ActiveCfg = Release|Any CPU
		{B5999E74-72ED-4350-ABA8-AC0234153C5E}.Release|Any CPU.Build.0 = Release|Any CPU
		{772E90BC-C6CB-4BD1-9718-BC5EDFC270CF}.Debug|Any CPU.ActiveCfg = Debug|Any CPU
		{772E90BC-C6CB-4BD1-9718-BC5EDFC270CF}.Debug|Any CPU.Build.0 = Debug|Any CPU
		{772E90BC-C6CB-4BD1-9718-BC5EDFC270CF}.Release|Any CPU.ActiveCfg = Release|Any CPU
		{772E90BC-C6CB-4BD1-9718-BC5EDFC270CF}.Release|Any CPU.Build.0 = Release|Any CPU
		{92F23F9A-05D9-4645-A008-809B177CDC6B}.Debug|Any CPU.ActiveCfg = Debug|Any CPU
		{92F23F9A-05D9-4645-A008-809B177CDC6B}.Debug|Any CPU.Build.0 = Debug|Any CPU
		{92F23F9A-05D9-4645-A008-809B177CDC6B}.Release|Any CPU.ActiveCfg = Release|Any CPU
		{92F23F9A-05D9-4645-A008-809B177CDC6B}.Release|Any CPU.Build.0 = Release|Any CPU
		{6D990A87-BB7A-488F-B944-71CFC748BE98}.Debug|Any CPU.ActiveCfg = Debug|Any CPU
		{6D990A87-BB7A-488F-B944-71CFC748BE98}.Debug|Any CPU.Build.0 = Debug|Any CPU
		{6D990A87-BB7A-488F-B944-71CFC748BE98}.Release|Any CPU.ActiveCfg = Release|Any CPU
		{6D990A87-BB7A-488F-B944-71CFC748BE98}.Release|Any CPU.Build.0 = Release|Any CPU
		{95FB5EBC-0651-40E8-9588-B0D756AA5310}.Debug|Any CPU.ActiveCfg = Debug|Any CPU
		{95FB5EBC-0651-40E8-9588-B0D756AA5310}.Debug|Any CPU.Build.0 = Debug|Any CPU
		{95FB5EBC-0651-40E8-9588-B0D756AA5310}.Release|Any CPU.ActiveCfg = Release|Any CPU
		{95FB5EBC-0651-40E8-9588-B0D756AA5310}.Release|Any CPU.Build.0 = Release|Any CPU
	EndGlobalSection
	GlobalSection(NestedProjects) = preSolution
		{64EEA546-0CC9-422A-9FE2-6820938F3B7A} = {C4A92F24-212F-4621-887C-BF379AEB6F70}
		{7E36A6CF-C378-4A7A-A6C6-3C290C611C56} = {C4A92F24-212F-4621-887C-BF379AEB6F70}
		{E1823DAF-09C6-4938-8D02-85A68A393D3C} = {C4A92F24-212F-4621-887C-BF379AEB6F70}
		{B5999E74-72ED-4350-ABA8-AC0234153C5E} = {E4983111-68EA-486F-B220-C083C29962DB}
		{772E90BC-C6CB-4BD1-9718-BC5EDFC270CF} = {64EEA546-0CC9-422A-9FE2-6820938F3B7A}
		{92F23F9A-05D9-4645-A008-809B177CDC6B} = {7E36A6CF-C378-4A7A-A6C6-3C290C611C56}
		{6D990A87-BB7A-488F-B944-71CFC748BE98} = {E1823DAF-09C6-4938-8D02-85A68A393D3C}
		{95FB5EBC-0651-40E8-9588-B0D756AA5310} = {EF44C55A-B33B-46F5-9A6B-AF1C48254659}
	EndGlobalSection
EndGlobal
